// !$*UTF8*$!
{
	archiveVersion = 1;
	classes = {
	};
	objectVersion = 51;
	objects = {

/* Begin PBXBuildFile section */
		81EDADA32369BDAE00734A61 /* AppDelegate.swift in Sources */ = {isa = PBXBuildFile; fileRef = 81EDADA22369BDAE00734A61 /* AppDelegate.swift */; };
		81EDADA52369BDAE00734A61 /* SceneDelegate.swift in Sources */ = {isa = PBXBuildFile; fileRef = 81EDADA42369BDAE00734A61 /* SceneDelegate.swift */; };
		81EDADAA2369BDAE00734A61 /* Main.storyboard in Resources */ = {isa = PBXBuildFile; fileRef = 81EDADA82369BDAE00734A61 /* Main.storyboard */; };
		81EDADAC2369BDAF00734A61 /* Assets.xcassets in Resources */ = {isa = PBXBuildFile; fileRef = 81EDADAB2369BDAF00734A61 /* Assets.xcassets */; };
		81EDADAF2369BDAF00734A61 /* LaunchScreen.storyboard in Resources */ = {isa = PBXBuildFile; fileRef = 81EDADAD2369BDAF00734A61 /* LaunchScreen.storyboard */; };
		81EDADB72369BE3800734A61 /* MainTabBarController.swift in Sources */ = {isa = PBXBuildFile; fileRef = 81EDADB62369BE3800734A61 /* MainTabBarController.swift */; };
		81EDADB92369C0A400734A61 /* ViewController.swift in Sources */ = {isa = PBXBuildFile; fileRef = 81EDADB82369C0A400734A61 /* ViewController.swift */; };
		81EDADBC2369E7B200734A61 /* PodcastsSearchController.swift in Sources */ = {isa = PBXBuildFile; fileRef = 81EDADBB2369E7B200734A61 /* PodcastsSearchController.swift */; };
		81EDADBF2369E86400734A61 /* Podcast.swift in Sources */ = {isa = PBXBuildFile; fileRef = 81EDADBE2369E86400734A61 /* Podcast.swift */; };
/* End PBXBuildFile section */

/* Begin PBXFileReference section */
		81EDAD9F2369BDAE00734A61 /* PodcastsLBTA.app */ = {isa = PBXFileReference; explicitFileType = wrapper.application; includeInIndex = 0; path = PodcastsLBTA.app; sourceTree = BUILT_PRODUCTS_DIR; };
		81EDADA22369BDAE00734A61 /* AppDelegate.swift */ = {isa = PBXFileReference; lastKnownFileType = sourcecode.swift; path = AppDelegate.swift; sourceTree = "<group>"; };
		81EDADA42369BDAE00734A61 /* SceneDelegate.swift */ = {isa = PBXFileReference; lastKnownFileType = sourcecode.swift; path = SceneDelegate.swift; sourceTree = "<group>"; };
		81EDADA92369BDAE00734A61 /* Base */ = {isa = PBXFileReference; lastKnownFileType = file.storyboard; name = Base; path = Base.lproj/Main.storyboard; sourceTree = "<group>"; };
		81EDADAB2369BDAF00734A61 /* Assets.xcassets */ = {isa = PBXFileReference; lastKnownFileType = folder.assetcatalog; path = Assets.xcassets; sourceTree = "<group>"; };
		81EDADAE2369BDAF00734A61 /* Base */ = {isa = PBXFileReference; lastKnownFileType = file.storyboard; name = Base; path = Base.lproj/LaunchScreen.storyboard; sourceTree = "<group>"; };
		81EDADB02369BDAF00734A61 /* Info.plist */ = {isa = PBXFileReference; lastKnownFileType = text.plist.xml; path = Info.plist; sourceTree = "<group>"; };
		81EDADB62369BE3800734A61 /* MainTabBarController.swift */ = {isa = PBXFileReference; lastKnownFileType = sourcecode.swift; path = MainTabBarController.swift; sourceTree = "<group>"; };
		81EDADB82369C0A400734A61 /* ViewController.swift */ = {isa = PBXFileReference; lastKnownFileType = sourcecode.swift; path = ViewController.swift; sourceTree = "<group>"; };
		81EDADBB2369E7B200734A61 /* PodcastsSearchController.swift */ = {isa = PBXFileReference; lastKnownFileType = sourcecode.swift; path = PodcastsSearchController.swift; sourceTree = "<group>"; };
		81EDADBE2369E86400734A61 /* Podcast.swift */ = {isa = PBXFileReference; lastKnownFileType = sourcecode.swift; path = Podcast.swift; sourceTree = "<group>"; };
/* End PBXFileReference section */

/* Begin PBXFrameworksBuildPhase section */
		81EDAD9C2369BDAE00734A61 /* Frameworks */ = {
			isa = PBXFrameworksBuildPhase;
			buildActionMask = 2147483647;
			files = (
			);
			runOnlyForDeploymentPostprocessing = 0;
		};
/* End PBXFrameworksBuildPhase section */

/* Begin PBXGroup section */
		81EDAD962369BDAE00734A61 = {
			isa = PBXGroup;
			children = (
				81EDADA12369BDAE00734A61 /* PodcastsLBTA */,
				81EDADA02369BDAE00734A61 /* Products */,
			);
			sourceTree = "<group>";
		};
		81EDADA02369BDAE00734A61 /* Products */ = {
			isa = PBXGroup;
			children = (
				81EDAD9F2369BDAE00734A61 /* PodcastsLBTA.app */,
			);
			name = Products;
			sourceTree = "<group>";
		};
		81EDADA12369BDAE00734A61 /* PodcastsLBTA */ = {
			isa = PBXGroup;
			children = (
				81EDADBD2369E84D00734A61 /* Models */,
				81EDADBA2369E78300734A61 /* Controllers */,
				81EDADA22369BDAE00734A61 /* AppDelegate.swift */,
				81EDADA42369BDAE00734A61 /* SceneDelegate.swift */,
				81EDADA82369BDAE00734A61 /* Main.storyboard */,
				81EDADAB2369BDAF00734A61 /* Assets.xcassets */,
				81EDADAD2369BDAF00734A61 /* LaunchScreen.storyboard */,
				81EDADB02369BDAF00734A61 /* Info.plist */,
			);
			path = PodcastsLBTA;
			sourceTree = "<group>";
		};
		81EDADBA2369E78300734A61 /* Controllers */ = {
			isa = PBXGroup;
			children = (
				81EDADB62369BE3800734A61 /* MainTabBarController.swift */,
				81EDADBB2369E7B200734A61 /* PodcastsSearchController.swift */,
				81EDADB82369C0A400734A61 /* ViewController.swift */,
			);
			path = Controllers;
			sourceTree = "<group>";
		};
		81EDADBD2369E84D00734A61 /* Models */ = {
			isa = PBXGroup;
			children = (
				81EDADBE2369E86400734A61 /* Podcast.swift */,
			);
			path = Models;
			sourceTree = "<group>";
		};
/* End PBXGroup section */

/* Begin PBXNativeTarget section */
		81EDAD9E2369BDAE00734A61 /* PodcastsLBTA */ = {
			isa = PBXNativeTarget;
			buildConfigurationList = 81EDADB32369BDAF00734A61 /* Build configuration list for PBXNativeTarget "PodcastsLBTA" */;
			buildPhases = (
				81EDAD9B2369BDAE00734A61 /* Sources */,
				81EDAD9C2369BDAE00734A61 /* Frameworks */,
				81EDAD9D2369BDAE00734A61 /* Resources */,
			);
			buildRules = (
			);
			dependencies = (
			);
			name = PodcastsLBTA;
			productName = PodcastsLBTA;
			productReference = 81EDAD9F2369BDAE00734A61 /* PodcastsLBTA.app */;
			productType = "com.apple.product-type.application";
		};
/* End PBXNativeTarget section */

/* Begin PBXProject section */
		81EDAD972369BDAE00734A61 /* Project object */ = {
			isa = PBXProject;
			attributes = {
				LastSwiftUpdateCheck = 1120;
				LastUpgradeCheck = 1120;
				ORGANIZATIONNAME = "Renald Renks";
				TargetAttributes = {
					81EDAD9E2369BDAE00734A61 = {
						CreatedOnToolsVersion = 11.2;
					};
				};
			};
			buildConfigurationList = 81EDAD9A2369BDAE00734A61 /* Build configuration list for PBXProject "PodcastsLBTA" */;
			compatibilityVersion = "Xcode 10.0";
			developmentRegion = en;
			hasScannedForEncodings = 0;
			knownRegions = (
				en,
				Base,
			);
			mainGroup = 81EDAD962369BDAE00734A61;
			productRefGroup = 81EDADA02369BDAE00734A61 /* Products */;
			projectDirPath = "";
			projectRoot = "";
			targets = (
				81EDAD9E2369BDAE00734A61 /* PodcastsLBTA */,
			);
		};
/* End PBXProject section */

/* Begin PBXResourcesBuildPhase section */
		81EDAD9D2369BDAE00734A61 /* Resources */ = {
			isa = PBXResourcesBuildPhase;
			buildActionMask = 2147483647;
			files = (
				81EDADAF2369BDAF00734A61 /* LaunchScreen.storyboard in Resources */,
				81EDADAC2369BDAF00734A61 /* Assets.xcassets in Resources */,
				81EDADAA2369BDAE00734A61 /* Main.storyboard in Resources */,
			);
			runOnlyForDeploymentPostprocessing = 0;
		};
/* End PBXResourcesBuildPhase section */

/* Begin PBXSourcesBuildPhase section */
		81EDAD9B2369BDAE00734A61 /* Sources */ = {
			isa = PBXSourcesBuildPhase;
			buildActionMask = 2147483647;
			files = (
				81EDADBC2369E7B200734A61 /* PodcastsSearchController.swift in Sources */,
				81EDADA32369BDAE00734A61 /* AppDelegate.swift in Sources */,
				81EDADBF2369E86400734A61 /* Podcast.swift in Sources */,
				81EDADB72369BE3800734A61 /* MainTabBarController.swift in Sources */,
				81EDADB92369C0A400734A61 /* ViewController.swift in Sources */,
				81EDADA52369BDAE00734A61 /* SceneDelegate.swift in Sources */,
			);
			runOnlyForDeploymentPostprocessing = 0;
		};
/* End PBXSourcesBuildPhase section */

/* Begin PBXVariantGroup section */
		81EDADA82369BDAE00734A61 /* Main.storyboard */ = {
			isa = PBXVariantGroup;
			children = (
				81EDADA92369BDAE00734A61 /* Base */,
			);
			name = Main.storyboard;
			sourceTree = "<group>";
		};
		81EDADAD2369BDAF00734A61 /* LaunchScreen.storyboard */ = {
			isa = PBXVariantGroup;
			children = (
				81EDADAE2369BDAF00734A61 /* Base */,
			);
			name = LaunchScreen.storyboard;
			sourceTree = "<group>";
		};
/* End PBXVariantGroup section */

/* Begin XCBuildConfiguration section */
		81EDADB12369BDAF00734A61 /* Debug */ = {
			isa = XCBuildConfiguration;
			buildSettings = {
				ALWAYS_SEARCH_USER_PATHS = NO;
				CLANG_ANALYZER_NONNULL = YES;
				CLANG_ANALYZER_NUMBER_OBJECT_CONVERSION = YES_AGGRESSIVE;
				CLANG_CXX_LANGUAGE_STANDARD = "gnu++14";
				CLANG_CXX_LIBRARY = "libc++";
				CLANG_ENABLE_MODULES = YES;
				CLANG_ENABLE_OBJC_ARC = YES;
				CLANG_ENABLE_OBJC_WEAK = YES;
				CLANG_WARN_BLOCK_CAPTURE_AUTORELEASING = YES;
				CLANG_WARN_BOOL_CONVERSION = YES;
				CLANG_WARN_COMMA = YES;
				CLANG_WARN_CONSTANT_CONVERSION = YES;
				CLANG_WARN_DEPRECATED_OBJC_IMPLEMENTATIONS = YES;
				CLANG_WARN_DIRECT_OBJC_ISA_USAGE = YES_ERROR;
				CLANG_WARN_DOCUMENTATION_COMMENTS = YES;
				CLANG_WARN_EMPTY_BODY = YES;
				CLANG_WARN_ENUM_CONVERSION = YES;
				CLANG_WARN_INFINITE_RECURSION = YES;
				CLANG_WARN_INT_CONVERSION = YES;
				CLANG_WARN_NON_LITERAL_NULL_CONVERSION = YES;
				CLANG_WARN_OBJC_IMPLICIT_RETAIN_SELF = YES;
				CLANG_WARN_OBJC_LITERAL_CONVERSION = YES;
				CLANG_WARN_OBJC_ROOT_CLASS = YES_ERROR;
				CLANG_WARN_RANGE_LOOP_ANALYSIS = YES;
				CLANG_WARN_STRICT_PROTOTYPES = YES;
				CLANG_WARN_SUSPICIOUS_MOVE = YES;
				CLANG_WARN_UNGUARDED_AVAILABILITY = YES_AGGRESSIVE;
				CLANG_WARN_UNREACHABLE_CODE = YES;
				CLANG_WARN__DUPLICATE_METHOD_MATCH = YES;
				COPY_PHASE_STRIP = NO;
				DEBUG_INFORMATION_FORMAT = dwarf;
				ENABLE_STRICT_OBJC_MSGSEND = YES;
				ENABLE_TESTABILITY = YES;
				GCC_C_LANGUAGE_STANDARD = gnu11;
				GCC_DYNAMIC_NO_PIC = NO;
				GCC_NO_COMMON_BLOCKS = YES;
				GCC_OPTIMIZATION_LEVEL = 0;
				GCC_PREPROCESSOR_DEFINITIONS = (
					"DEBUG=1",
					"$(inherited)",
				);
				GCC_WARN_64_TO_32_BIT_CONVERSION = YES;
				GCC_WARN_ABOUT_RETURN_TYPE = YES_ERROR;
				GCC_WARN_UNDECLARED_SELECTOR = YES;
				GCC_WARN_UNINITIALIZED_AUTOS = YES_AGGRESSIVE;
				GCC_WARN_UNUSED_FUNCTION = YES;
				GCC_WARN_UNUSED_VARIABLE = YES;
				IPHONEOS_DEPLOYMENT_TARGET = 13.2;
				MTL_ENABLE_DEBUG_INFO = INCLUDE_SOURCE;
				MTL_FAST_MATH = YES;
				ONLY_ACTIVE_ARCH = YES;
				SDKROOT = iphoneos;
				SWIFT_ACTIVE_COMPILATION_CONDITIONS = DEBUG;
				SWIFT_OPTIMIZATION_LEVEL = "-Onone";
			};
			name = Debug;
		};
		81EDADB22369BDAF00734A61 /* Release */ = {
			isa = XCBuildConfiguration;
			buildSettings = {
				ALWAYS_SEARCH_USER_PATHS = NO;
				CLANG_ANALYZER_NONNULL = YES;
				CLANG_ANALYZER_NUMBER_OBJECT_CONVERSION = YES_AGGRESSIVE;
				CLANG_CXX_LANGUAGE_STANDARD = "gnu++14";
				CLANG_CXX_LIBRARY = "libc++";
				CLANG_ENABLE_MODULES = YES;
				CLANG_ENABLE_OBJC_ARC = YES;
				CLANG_ENABLE_OBJC_WEAK = YES;
				CLANG_WARN_BLOCK_CAPTURE_AUTORELEASING = YES;
				CLANG_WARN_BOOL_CONVERSION = YES;
				CLANG_WARN_COMMA = YES;
				CLANG_WARN_CONSTANT_CONVERSION = YES;
				CLANG_WARN_DEPRECATED_OBJC_IMPLEMENTATIONS = YES;
				CLANG_WARN_DIRECT_OBJC_ISA_USAGE = YES_ERROR;
				CLANG_WARN_DOCUMENTATION_COMMENTS = YES;
				CLANG_WARN_EMPTY_BODY = YES;
				CLANG_WARN_ENUM_CONVERSION = YES;
				CLANG_WARN_INFINITE_RECURSION = YES;
				CLANG_WARN_INT_CONVERSION = YES;
				CLANG_WARN_NON_LITERAL_NULL_CONVERSION = YES;
				CLANG_WARN_OBJC_IMPLICIT_RETAIN_SELF = YES;
				CLANG_WARN_OBJC_LITERAL_CONVERSION = YES;
				CLANG_WARN_OBJC_ROOT_CLASS = YES_ERROR;
				CLANG_WARN_RANGE_LOOP_ANALYSIS = YES;
				CLANG_WARN_STRICT_PROTOTYPES = YES;
				CLANG_WARN_SUSPICIOUS_MOVE = YES;
				CLANG_WARN_UNGUARDED_AVAILABILITY = YES_AGGRESSIVE;
				CLANG_WARN_UNREACHABLE_CODE = YES;
				CLANG_WARN__DUPLICATE_METHOD_MATCH = YES;
				COPY_PHASE_STRIP = NO;
				DEBUG_INFORMATION_FORMAT = "dwarf-with-dsym";
				ENABLE_NS_ASSERTIONS = NO;
				ENABLE_STRICT_OBJC_MSGSEND = YES;
				GCC_C_LANGUAGE_STANDARD = gnu11;
				GCC_NO_COMMON_BLOCKS = YES;
				GCC_WARN_64_TO_32_BIT_CONVERSION = YES;
				GCC_WARN_ABOUT_RETURN_TYPE = YES_ERROR;
				GCC_WARN_UNDECLARED_SELECTOR = YES;
				GCC_WARN_UNINITIALIZED_AUTOS = YES_AGGRESSIVE;
				GCC_WARN_UNUSED_FUNCTION = YES;
				GCC_WARN_UNUSED_VARIABLE = YES;
				IPHONEOS_DEPLOYMENT_TARGET = 13.2;
				MTL_ENABLE_DEBUG_INFO = NO;
				MTL_FAST_MATH = YES;
				SDKROOT = iphoneos;
				SWIFT_COMPILATION_MODE = wholemodule;
				SWIFT_OPTIMIZATION_LEVEL = "-O";
				VALIDATE_PRODUCT = YES;
			};
			name = Release;
		};
		81EDADB42369BDAF00734A61 /* Debug */ = {
			isa = XCBuildConfiguration;
			buildSettings = {
				ASSETCATALOG_COMPILER_APPICON_NAME = AppIcon;
				CODE_SIGN_STYLE = Automatic;
				DEVELOPMENT_TEAM = S5W9FKJ4DL;
				INFOPLIST_FILE = PodcastsLBTA/Info.plist;
				LD_RUNPATH_SEARCH_PATHS = (
					"$(inherited)",
					"@executable_path/Frameworks",
				);
				PRODUCT_BUNDLE_IDENTIFIER = com.skner.renks.PodcastsLBTA;
				PRODUCT_NAME = "$(TARGET_NAME)";
				SWIFT_VERSION = 5.0;
				TARGETED_DEVICE_FAMILY = 1;
			};
			name = Debug;
		};
		81EDADB52369BDAF00734A61 /* Release */ = {
			isa = XCBuildConfiguration;
			buildSettings = {
				ASSETCATALOG_COMPILER_APPICON_NAME = AppIcon;
				CODE_SIGN_STYLE = Automatic;
				DEVELOPMENT_TEAM = S5W9FKJ4DL;
				INFOPLIST_FILE = PodcastsLBTA/Info.plist;
				LD_RUNPATH_SEARCH_PATHS = (
					"$(inherited)",
					"@executable_path/Frameworks",
				);
				PRODUCT_BUNDLE_IDENTIFIER = com.skner.renks.PodcastsLBTA;
				PRODUCT_NAME = "$(TARGET_NAME)";
				SWIFT_VERSION = 5.0;
				TARGETED_DEVICE_FAMILY = 1;
			};
			name = Release;
		};
/* End XCBuildConfiguration section */

/* Begin XCConfigurationList section */
		81EDAD9A2369BDAE00734A61 /* Build configuration list for PBXProject "PodcastsLBTA" */ = {
			isa = XCConfigurationList;
			buildConfigurations = (
				81EDADB12369BDAF00734A61 /* Debug */,
				81EDADB22369BDAF00734A61 /* Release */,
			);
			defaultConfigurationIsVisible = 0;
			defaultConfigurationName = Release;
		};
		81EDADB32369BDAF00734A61 /* Build configuration list for PBXNativeTarget "PodcastsLBTA" */ = {
			isa = XCConfigurationList;
			buildConfigurations = (
				81EDADB42369BDAF00734A61 /* Debug */,
				81EDADB52369BDAF00734A61 /* Release */,
			);
			defaultConfigurationIsVisible = 0;
			defaultConfigurationName = Release;
		};
/* End XCConfigurationList section */
	};
	rootObject = 81EDAD972369BDAE00734A61 /* Project object */;
}
